
Microsoft Visual Studio Solution File, Format Version 11.00
# Visual Studio 2010
Project("{F184B08F-C81C-45F6-A57F-5ABD9991F28F}") = "Random_IPAddres", "Random_IPAddres\Random_IPAddres.vbproj", "{EEDBEAF4-1AEC-475F-84CC-2F62EF7E7FF3}"
EndProject
Global
	GlobalSection(SolutionConfigurationPlatforms) = preSolution
		Debug|x86 = Debug|x86
		Release|x86 = Release|x86
	EndGlobalSection
	GlobalSection(ProjectConfigurationPlatforms) = postSolution
		{EEDBEAF4-1AEC-475F-84CC-2F62EF7E7FF3}.Debug|x86.ActiveCfg = Debug|x86
		{EEDBEAF4-1AEC-475F-84CC-2F62EF7E7FF3}.Debug|x86.Build.0 = Debug|x86
		{EEDBEAF4-1AEC-475F-84CC-2F62EF7E7FF3}.Release|x86.ActiveCfg = Release|x86
		{EEDBEAF4-1AEC-475F-84CC-2F62EF7E7FF3}.Release|x86.Build.0 = Release|x86
	EndGlobalSection
	GlobalSection(SolutionProperties) = preSolution
		HideSolutionNode = FALSE
	EndGlobalSection
EndGlobal
