
Microsoft Visual Studio Solution File, Format Version 11.00
# Visual Studio 2010
Project("{F184B08F-C81C-45F6-A57F-5ABD9991F28F}") = "Base64", "Base64\Base64.vbproj", "{3DEA8BA4-6C28-4D8D-866B-0DB1F98BF810}"
EndProject
Global
	GlobalSection(SolutionConfigurationPlatforms) = preSolution
		Debug|x86 = Debug|x86
		Release|x86 = Release|x86
	EndGlobalSection
	GlobalSection(ProjectConfigurationPlatforms) = postSolution
		{3DEA8BA4-6C28-4D8D-866B-0DB1F98BF810}.Debug|x86.ActiveCfg = Debug|x86
		{3DEA8BA4-6C28-4D8D-866B-0DB1F98BF810}.Debug|x86.Build.0 = Debug|x86
		{3DEA8BA4-6C28-4D8D-866B-0DB1F98BF810}.Release|x86.ActiveCfg = Release|x86
		{3DEA8BA4-6C28-4D8D-866B-0DB1F98BF810}.Release|x86.Build.0 = Release|x86
	EndGlobalSection
	GlobalSection(SolutionProperties) = preSolution
		HideSolutionNode = FALSE
	EndGlobalSection
EndGlobal
